
Microsoft Visual Studio Solution File, Format Version 12.00
# Visual Studio Version 17
VisualStudioVersion = 17.2.32630.192
MinimumVisualStudioVersion = 10.0.40219.1
Project("{9A19103F-16F7-4668-BE54-9A1E7A4F7556}") = "MicroFinancing", "MicroFinancing\MicroFinancing.csproj", "{EBEACF3A-7145-46EC-B66D-5C3F86F5D570}"
EndProject
Project("{2150E333-8FDC-42A3-9474-1A3956D46DE8}") = "Application", "Application", "{C6265D00-74FB-447C-9BDC-3AF1085337CC}"
EndProject
Project("{9A19103F-16F7-4668-BE54-9A1E7A4F7556}") = "MicroFinancing.Core", "src\MicroFinancing.Core\MicroFinancing.Core.csproj", "{F67A0263-9AE8-41EC-A639-6FD352455B78}"
EndProject
Project("{2150E333-8FDC-42A3-9474-1A3956D46DE8}") = "Core", "Core", "{74D4D951-1CF9-40DF-8899-F77BE02CFD1A}"
EndProject
Project("{2150E333-8FDC-42A3-9474-1A3956D46DE8}") = "Migration", "Migration", "{4F72A239-D150-412B-A140-E345EE3B2932}"
EndProject
Project("{9A19103F-16F7-4668-BE54-9A1E7A4F7556}") = "MicroFinancing.DataMigrations", "src\MicroFinancing.Migrations\MicroFinancing.DataMigrations.csproj", "{D888FB5E-3A9A-4D4C-8D81-2127C03985CD}"
EndProject
Project("{2150E333-8FDC-42A3-9474-1A3956D46DE8}") = "Domain", "Domain", "{8F3E4F5E-87D7-472E-ACEC-5674897DB076}"
EndProject
Project("{9A19103F-16F7-4668-BE54-9A1E7A4F7556}") = "MicroFinancing.Entities", "src\MicroFinancing.Entities\MicroFinancing.Entities.csproj", "{23576838-5EF6-4D5A-9C82-BBA204F77B0D}"
EndProject
Project("{9A19103F-16F7-4668-BE54-9A1E7A4F7556}") = "MicroFinancing.Services", "MicroFinancing.Services\MicroFinancing.Services.csproj", "{8906CF23-D6A9-40B8-804D-E92831DC7FF8}"
EndProject
Project("{9A19103F-16F7-4668-BE54-9A1E7A4F7556}") = "MicroFinancing.Repositories", "MicroFinancing.Repository\MicroFinancing.Repositories.csproj", "{4A651FAD-4D97-42DE-BBB0-56177B913B4F}"
EndProject
Project("{9A19103F-16F7-4668-BE54-9A1E7A4F7556}") = "MicroFinancing.Interfaces", "MicroFinancing.Interfaces\MicroFinancing.Interfaces.csproj", "{45F5E2AB-095D-4AE2-A843-C0B040F5274D}"
EndProject
Project("{9A19103F-16F7-4668-BE54-9A1E7A4F7556}") = "MicroFinancing.DataTransferModel", "MicroFinancing.DataTransferModel\MicroFinancing.DataTransferModel.csproj", "{E93FF2F8-7FE2-4D0C-91AC-706809F7E444}"
EndProject
Project("{9A19103F-16F7-4668-BE54-9A1E7A4F7556}") = "MicroFinancing.Validators", "MicroFinancing.Validators\MicroFinancing.Validators.csproj", "{5C658EF8-C6DE-4CC0-9F23-B97B1280B067}"
EndProject
Project("{9A19103F-16F7-4668-BE54-9A1E7A4F7556}") = "MicroFinancing.Providers", "MicroFinancing.Providers\MicroFinancing.Providers.csproj", "{FFD4433F-A2D2-438B-A62D-B8BADD0EB86C}"
EndProject
Project("{9A19103F-16F7-4668-BE54-9A1E7A4F7556}") = "MicroFinancing.Reporting", "MicroFinancing.Reporting\MicroFinancing.Reporting.csproj", "{0BF9F666-7818-4AAC-80E6-8A4285EC7337}"
EndProject
Project("{9A19103F-16F7-4668-BE54-9A1E7A4F7556}") = "MicroFinancing.Components", "MicroFinancing.Components\MicroFinancing.Components.csproj", "{9B20691A-83ED-4442-A288-1F155F86E382}"
EndProject
Project("{2150E333-8FDC-42A3-9474-1A3956D46DE8}") = "Mobile", "Mobile", "{4F80C9AA-AE1C-4E4D-8A45-77881B34B0F2}"
EndProject
Project("{9A19103F-16F7-4668-BE54-9A1E7A4F7556}") = "MicroFinancing.Infrastructure", "MicroFinancing.Infrastructure\MicroFinancing.Infrastructure.csproj", "{B38CE7E0-A502-4233-82A8-A970EC8BB69A}"
EndProject
Project("{9A19103F-16F7-4668-BE54-9A1E7A4F7556}") = "MicroFinancing.WebApi", "MicroFinancing.WebApi\MicroFinancing.WebApi.csproj", "{4BA449D3-91BC-4DB6-B4DD-B899F481933B}"
EndProject
Global
	GlobalSection(SolutionConfigurationPlatforms) = preSolution
		Debug|Any CPU = Debug|Any CPU
		Release|Any CPU = Release|Any CPU
	EndGlobalSection
	GlobalSection(ProjectConfigurationPlatforms) = postSolution
		{EBEACF3A-7145-46EC-B66D-5C3F86F5D570}.Debug|Any CPU.ActiveCfg = Debug|Any CPU
		{EBEACF3A-7145-46EC-B66D-5C3F86F5D570}.Debug|Any CPU.Build.0 = Debug|Any CPU
		{EBEACF3A-7145-46EC-B66D-5C3F86F5D570}.Release|Any CPU.ActiveCfg = Release|Any CPU
		{EBEACF3A-7145-46EC-B66D-5C3F86F5D570}.Release|Any CPU.Build.0 = Release|Any CPU
		{F67A0263-9AE8-41EC-A639-6FD352455B78}.Debug|Any CPU.ActiveCfg = Debug|Any CPU
		{F67A0263-9AE8-41EC-A639-6FD352455B78}.Debug|Any CPU.Build.0 = Debug|Any CPU
		{F67A0263-9AE8-41EC-A639-6FD352455B78}.Release|Any CPU.ActiveCfg = Release|Any CPU
		{F67A0263-9AE8-41EC-A639-6FD352455B78}.Release|Any CPU.Build.0 = Release|Any CPU
		{D888FB5E-3A9A-4D4C-8D81-2127C03985CD}.Debug|Any CPU.ActiveCfg = Debug|Any CPU
		{D888FB5E-3A9A-4D4C-8D81-2127C03985CD}.Debug|Any CPU.Build.0 = Debug|Any CPU
		{D888FB5E-3A9A-4D4C-8D81-2127C03985CD}.Release|Any CPU.ActiveCfg = Release|Any CPU
		{D888FB5E-3A9A-4D4C-8D81-2127C03985CD}.Release|Any CPU.Build.0 = Release|Any CPU
		{23576838-5EF6-4D5A-9C82-BBA204F77B0D}.Debug|Any CPU.ActiveCfg = Debug|Any CPU
		{23576838-5EF6-4D5A-9C82-BBA204F77B0D}.Debug|Any CPU.Build.0 = Debug|Any CPU
		{23576838-5EF6-4D5A-9C82-BBA204F77B0D}.Release|Any CPU.ActiveCfg = Release|Any CPU
		{23576838-5EF6-4D5A-9C82-BBA204F77B0D}.Release|Any CPU.Build.0 = Release|Any CPU
		{8906CF23-D6A9-40B8-804D-E92831DC7FF8}.Debug|Any CPU.ActiveCfg = Debug|Any CPU
		{8906CF23-D6A9-40B8-804D-E92831DC7FF8}.Debug|Any CPU.Build.0 = Debug|Any CPU
		{8906CF23-D6A9-40B8-804D-E92831DC7FF8}.Release|Any CPU.ActiveCfg = Release|Any CPU
		{8906CF23-D6A9-40B8-804D-E92831DC7FF8}.Release|Any CPU.Build.0 = Release|Any CPU
		{4A651FAD-4D97-42DE-BBB0-56177B913B4F}.Debug|Any CPU.ActiveCfg = Debug|Any CPU
		{4A651FAD-4D97-42DE-BBB0-56177B913B4F}.Debug|Any CPU.Build.0 = Debug|Any CPU
		{4A651FAD-4D97-42DE-BBB0-56177B913B4F}.Release|Any CPU.ActiveCfg = Release|Any CPU
		{4A651FAD-4D97-42DE-BBB0-56177B913B4F}.Release|Any CPU.Build.0 = Release|Any CPU
		{45F5E2AB-095D-4AE2-A843-C0B040F5274D}.Debug|Any CPU.ActiveCfg = Debug|Any CPU
		{45F5E2AB-095D-4AE2-A843-C0B040F5274D}.Debug|Any CPU.Build.0 = Debug|Any CPU
		{45F5E2AB-095D-4AE2-A843-C0B040F5274D}.Release|Any CPU.ActiveCfg = Release|Any CPU
		{45F5E2AB-095D-4AE2-A843-C0B040F5274D}.Release|Any CPU.Build.0 = Release|Any CPU
		{E93FF2F8-7FE2-4D0C-91AC-706809F7E444}.Debug|Any CPU.ActiveCfg = Debug|Any CPU
		{E93FF2F8-7FE2-4D0C-91AC-706809F7E444}.Debug|Any CPU.Build.0 = Debug|Any CPU
		{E93FF2F8-7FE2-4D0C-91AC-706809F7E444}.Release|Any CPU.ActiveCfg = Release|Any CPU
		{E93FF2F8-7FE2-4D0C-91AC-706809F7E444}.Release|Any CPU.Build.0 = Release|Any CPU
		{5C658EF8-C6DE-4CC0-9F23-B97B1280B067}.Debug|Any CPU.ActiveCfg = Debug|Any CPU
		{5C658EF8-C6DE-4CC0-9F23-B97B1280B067}.Debug|Any CPU.Build.0 = Debug|Any CPU
		{5C658EF8-C6DE-4CC0-9F23-B97B1280B067}.Release|Any CPU.ActiveCfg = Release|Any CPU
		{5C658EF8-C6DE-4CC0-9F23-B97B1280B067}.Release|Any CPU.Build.0 = Release|Any CPU
		{FFD4433F-A2D2-438B-A62D-B8BADD0EB86C}.Debug|Any CPU.ActiveCfg = Debug|Any CPU
		{FFD4433F-A2D2-438B-A62D-B8BADD0EB86C}.Debug|Any CPU.Build.0 = Debug|Any CPU
		{FFD4433F-A2D2-438B-A62D-B8BADD0EB86C}.Release|Any CPU.ActiveCfg = Release|Any CPU
		{FFD4433F-A2D2-438B-A62D-B8BADD0EB86C}.Release|Any CPU.Build.0 = Release|Any CPU
		{0BF9F666-7818-4AAC-80E6-8A4285EC7337}.Debug|Any CPU.ActiveCfg = Debug|Any CPU
		{0BF9F666-7818-4AAC-80E6-8A4285EC7337}.Debug|Any CPU.Build.0 = Debug|Any CPU
		{0BF9F666-7818-4AAC-80E6-8A4285EC7337}.Release|Any CPU.ActiveCfg = Release|Any CPU
		{0BF9F666-7818-4AAC-80E6-8A4285EC7337}.Release|Any CPU.Build.0 = Release|Any CPU
		{9B20691A-83ED-4442-A288-1F155F86E382}.Debug|Any CPU.ActiveCfg = Debug|Any CPU
		{9B20691A-83ED-4442-A288-1F155F86E382}.Debug|Any CPU.Build.0 = Debug|Any CPU
		{9B20691A-83ED-4442-A288-1F155F86E382}.Release|Any CPU.ActiveCfg = Release|Any CPU
		{9B20691A-83ED-4442-A288-1F155F86E382}.Release|Any CPU.Build.0 = Release|Any CPU
		{B38CE7E0-A502-4233-82A8-A970EC8BB69A}.Debug|Any CPU.ActiveCfg = Debug|Any CPU
		{B38CE7E0-A502-4233-82A8-A970EC8BB69A}.Debug|Any CPU.Build.0 = Debug|Any CPU
		{B38CE7E0-A502-4233-82A8-A970EC8BB69A}.Release|Any CPU.ActiveCfg = Release|Any CPU
		{B38CE7E0-A502-4233-82A8-A970EC8BB69A}.Release|Any CPU.Build.0 = Release|Any CPU
		{4BA449D3-91BC-4DB6-B4DD-B899F481933B}.Debug|Any CPU.ActiveCfg = Debug|Any CPU
		{4BA449D3-91BC-4DB6-B4DD-B899F481933B}.Debug|Any CPU.Build.0 = Debug|Any CPU
		{4BA449D3-91BC-4DB6-B4DD-B899F481933B}.Release|Any CPU.ActiveCfg = Release|Any CPU
		{4BA449D3-91BC-4DB6-B4DD-B899F481933B}.Release|Any CPU.Build.0 = Release|Any CPU
	EndGlobalSection
	GlobalSection(SolutionProperties) = preSolution
		HideSolutionNode = FALSE
	EndGlobalSection
	GlobalSection(NestedProjects) = preSolution
		{EBEACF3A-7145-46EC-B66D-5C3F86F5D570} = {C6265D00-74FB-447C-9BDC-3AF1085337CC}
		{F67A0263-9AE8-41EC-A639-6FD352455B78} = {74D4D951-1CF9-40DF-8899-F77BE02CFD1A}
		{D888FB5E-3A9A-4D4C-8D81-2127C03985CD} = {4F72A239-D150-412B-A140-E345EE3B2932}
		{23576838-5EF6-4D5A-9C82-BBA204F77B0D} = {8F3E4F5E-87D7-472E-ACEC-5674897DB076}
		{8906CF23-D6A9-40B8-804D-E92831DC7FF8} = {C6265D00-74FB-447C-9BDC-3AF1085337CC}
		{4A651FAD-4D97-42DE-BBB0-56177B913B4F} = {C6265D00-74FB-447C-9BDC-3AF1085337CC}
		{45F5E2AB-095D-4AE2-A843-C0B040F5274D} = {C6265D00-74FB-447C-9BDC-3AF1085337CC}
		{E93FF2F8-7FE2-4D0C-91AC-706809F7E444} = {8F3E4F5E-87D7-472E-ACEC-5674897DB076}
		{5C658EF8-C6DE-4CC0-9F23-B97B1280B067} = {8F3E4F5E-87D7-472E-ACEC-5674897DB076}
		{FFD4433F-A2D2-438B-A62D-B8BADD0EB86C} = {74D4D951-1CF9-40DF-8899-F77BE02CFD1A}
		{0BF9F666-7818-4AAC-80E6-8A4285EC7337} = {C6265D00-74FB-447C-9BDC-3AF1085337CC}
		{9B20691A-83ED-4442-A288-1F155F86E382} = {74D4D951-1CF9-40DF-8899-F77BE02CFD1A}
		{B38CE7E0-A502-4233-82A8-A970EC8BB69A} = {C6265D00-74FB-447C-9BDC-3AF1085337CC}
		{4BA449D3-91BC-4DB6-B4DD-B899F481933B} = {C6265D00-74FB-447C-9BDC-3AF1085337CC}
	EndGlobalSection
	GlobalSection(ExtensibilityGlobals) = postSolution
		SolutionGuid = {5D5F73FF-C32E-4A03-8B82-74E397ACD789}
	EndGlobalSection
EndGlobal
